
Microsoft Visual Studio Solution File, Format Version 12.00
# Visual Studio Version 17
VisualStudioVersion = 17.5.002.0
MinimumVisualStudioVersion = 10.0.40219.1
Project("{9A19103F-16F7-4668-BE54-9A1E7A4F7556}") = "Jorge", "Jorge.csproj", "{2F3ACB31-5E09-4206-9D1D-F8856B6789A7}"
EndProject
Global
	GlobalSection(SolutionConfigurationPlatforms) = preSolution
		Debug|Any CPU = Debug|Any CPU
		Release|Any CPU = Release|Any CPU
	EndGlobalSection
	GlobalSection(ProjectConfigurationPlatforms) = postSolution
		{2F3ACB31-5E09-4206-9D1D-F8856B6789A7}.Debug|Any CPU.ActiveCfg = Debug|Any CPU
		{2F3ACB31-5E09-4206-9D1D-F8856B6789A7}.Debug|Any CPU.Build.0 = Debug|Any CPU
		{2F3ACB31-5E09-4206-9D1D-F8856B6789A7}.Release|Any CPU.ActiveCfg = Release|Any CPU
		{2F3ACB31-5E09-4206-9D1D-F8856B6789A7}.Release|Any CPU.Build.0 = Release|Any CPU
	EndGlobalSection
	GlobalSection(SolutionProperties) = preSolution
		HideSolutionNode = FALSE
	EndGlobalSection
	GlobalSection(ExtensibilityGlobals) = postSolution
		SolutionGuid = {96140608-1FAF-4115-9157-CF6A7D7058C0}
	EndGlobalSection
EndGlobal
